
Microsoft Visual Studio Solution File, Format Version 12.00
# Visual Studio 15
VisualStudioVersion = 15.0.26730.16
MinimumVisualStudioVersion = 10.0.40219.1
Project("{FAE04EC0-301F-11D3-BF4B-00C04F79EFBC}") = "XF.Mapas.Android", "XF.Mapas\XF.Mapas.Android\XF.Mapas.Android.csproj", "{7E4CFD11-2FFB-4D84-BEF2-0EC933093FDA}"
EndProject
Project("{FAE04EC0-301F-11D3-BF4B-00C04F79EFBC}") = "XF.Mapas", "XF.Mapas\XF.Mapas\XF.Mapas.csproj", "{1FD12535-C112-45BE-BE4A-C4D5799C324C}"
EndProject
Project("{FAE04EC0-301F-11D3-BF4B-00C04F79EFBC}") = "XF.Mapas.UWP", "XF.Mapas\XF.Mapas.UWP\XF.Mapas.UWP.csproj", "{069E4E3B-EF0E-452A-9E32-4DABB0BB5F07}"
EndProject
Project("{FAE04EC0-301F-11D3-BF4B-00C04F79EFBC}") = "XF.Mapas.iOS", "XF.Mapas\XF.Mapas.iOS\XF.Mapas.iOS.csproj", "{C04A9DC5-D58A-4B72-B0CB-46050292A81E}"
EndProject
Global
	GlobalSection(SolutionConfigurationPlatforms) = preSolution
		Ad-Hoc|Any CPU = Ad-Hoc|Any CPU
		Ad-Hoc|ARM = Ad-Hoc|ARM
		Ad-Hoc|iPhone = Ad-Hoc|iPhone
		Ad-Hoc|iPhoneSimulator = Ad-Hoc|iPhoneSimulator
		Ad-Hoc|x64 = Ad-Hoc|x64
		Ad-Hoc|x86 = Ad-Hoc|x86
		AppStore|Any CPU = AppStore|Any CPU
		AppStore|ARM = AppStore|ARM
		AppStore|iPhone = AppStore|iPhone
		AppStore|iPhoneSimulator = AppStore|iPhoneSimulator
		AppStore|x64 = AppStore|x64
		AppStore|x86 = AppStore|x86
		Debug|Any CPU = Debug|Any CPU
		Debug|ARM = Debug|ARM
		Debug|iPhone = Debug|iPhone
		Debug|iPhoneSimulator = Debug|iPhoneSimulator
		Debug|x64 = Debug|x64
		Debug|x86 = Debug|x86
		Release|Any CPU = Release|Any CPU
		Release|ARM = Release|ARM
		Release|iPhone = Release|iPhone
		Release|iPhoneSimulator = Release|iPhoneSimulator
		Release|x64 = Release|x64
		Release|x86 = Release|x86
	EndGlobalSection
	GlobalSection(ProjectConfigurationPlatforms) = postSolution
		{7E4CFD11-2FFB-4D84-BEF2-0EC933093FDA}.Ad-Hoc|Any CPU.ActiveCfg = Release|Any CPU
		{7E4CFD11-2FFB-4D84-BEF2-0EC933093FDA}.Ad-Hoc|Any CPU.Build.0 = Release|Any CPU
		{7E4CFD11-2FFB-4D84-BEF2-0EC933093FDA}.Ad-Hoc|Any CPU.Deploy.0 = Release|Any CPU
		{7E4CFD11-2FFB-4D84-BEF2-0EC933093FDA}.Ad-Hoc|ARM.ActiveCfg = Release|Any CPU
		{7E4CFD11-2FFB-4D84-BEF2-0EC933093FDA}.Ad-Hoc|ARM.Build.0 = Release|Any CPU
		{7E4CFD11-2FFB-4D84-BEF2-0EC933093FDA}.Ad-Hoc|ARM.Deploy.0 = Release|Any CPU
		{7E4CFD11-2FFB-4D84-BEF2-0EC933093FDA}.Ad-Hoc|iPhone.ActiveCfg = Release|Any CPU
		{7E4CFD11-2FFB-4D84-BEF2-0EC933093FDA}.Ad-Hoc|iPhone.Build.0 = Release|Any CPU
		{7E4CFD11-2FFB-4D84-BEF2-0EC933093FDA}.Ad-Hoc|iPhone.Deploy.0 = Release|Any CPU
		{7E4CFD11-2FFB-4D84-BEF2-0EC933093FDA}.Ad-Hoc|iPhoneSimulator.ActiveCfg = Release|Any CPU
		{7E4CFD11-2FFB-4D84-BEF2-0EC933093FDA}.Ad-Hoc|iPhoneSimulator.Build.0 = Release|Any CPU
		{7E4CFD11-2FFB-4D84-BEF2-0EC933093FDA}.Ad-Hoc|iPhoneSimulator.Deploy.0 = Release|Any CPU
		{7E4CFD11-2FFB-4D84-BEF2-0EC933093FDA}.Ad-Hoc|x64.ActiveCfg = Release|Any CPU
		{7E4CFD11-2FFB-4D84-BEF2-0EC933093FDA}.Ad-Hoc|x64.Build.0 = Release|Any CPU
		{7E4CFD11-2FFB-4D84-BEF2-0EC933093FDA}.Ad-Hoc|x64.Deploy.0 = Release|Any CPU
		{7E4CFD11-2FFB-4D84-BEF2-0EC933093FDA}.Ad-Hoc|x86.ActiveCfg = Release|Any CPU
		{7E4CFD11-2FFB-4D84-BEF2-0EC933093FDA}.Ad-Hoc|x86.Build.0 = Release|Any CPU
		{7E4CFD11-2FFB-4D84-BEF2-0EC933093FDA}.Ad-Hoc|x86.Deploy.0 = Release|Any CPU
		{7E4CFD11-2FFB-4D84-BEF2-0EC933093FDA}.AppStore|Any CPU.ActiveCfg = Release|Any CPU
		{7E4CFD11-2FFB-4D84-BEF2-0EC933093FDA}.AppStore|Any CPU.Build.0 = Release|Any CPU
		{7E4CFD11-2FFB-4D84-BEF2-0EC933093FDA}.AppStore|Any CPU.Deploy.0 = Release|Any CPU
		{7E4CFD11-2FFB-4D84-BEF2-0EC933093FDA}.AppStore|ARM.ActiveCfg = Release|Any CPU
		{7E4CFD11-2FFB-4D84-BEF2-0EC933093FDA}.AppStore|ARM.Build.0 = Release|Any CPU
		{7E4CFD11-2FFB-4D84-BEF2-0EC933093FDA}.AppStore|ARM.Deploy.0 = Release|Any CPU
		{7E4CFD11-2FFB-4D84-BEF2-0EC933093FDA}.AppStore|iPhone.ActiveCfg = Release|Any CPU
		{7E4CFD11-2FFB-4D84-BEF2-0EC933093FDA}.AppStore|iPhone.Build.0 = Release|Any CPU
		{7E4CFD11-2FFB-4D84-BEF2-0EC933093FDA}.AppStore|iPhone.Deploy.0 = Release|Any CPU
		{7E4CFD11-2FFB-4D84-BEF2-0EC933093FDA}.AppStore|iPhoneSimulator.ActiveCfg = Release|Any CPU
		{7E4CFD11-2FFB-4D84-BEF2-0EC933093FDA}.AppStore|iPhoneSimulator.Build.0 = Release|Any CPU
		{7E4CFD11-2FFB-4D84-BEF2-0EC933093FDA}.AppStore|iPhoneSimulator.Deploy.0 = Release|Any CPU
		{7E4CFD11-2FFB-4D84-BEF2-0EC933093FDA}.AppStore|x64.ActiveCfg = Release|Any CPU
		{7E4CFD11-2FFB-4D84-BEF2-0EC933093FDA}.AppStore|x64.Build.0 = Release|Any CPU
		{7E4CFD11-2FFB-4D84-BEF2-0EC933093FDA}.AppStore|x64.Deploy.0 = Release|Any CPU
		{7E4CFD11-2FFB-4D84-BEF2-0EC933093FDA}.AppStore|x86.ActiveCfg = Release|Any CPU
		{7E4CFD11-2FFB-4D84-BEF2-0EC933093FDA}.AppStore|x86.Build.0 = Release|Any CPU
		{7E4CFD11-2FFB-4D84-BEF2-0EC933093FDA}.AppStore|x86.Deploy.0 = Release|Any CPU
		{7E4CFD11-2FFB-4D84-BEF2-0EC933093FDA}.Debug|Any CPU.ActiveCfg = Debug|Any CPU
		{7E4CFD11-2FFB-4D84-BEF2-0EC933093FDA}.Debug|Any CPU.Build.0 = Debug|Any CPU
		{7E4CFD11-2FFB-4D84-BEF2-0EC933093FDA}.Debug|Any CPU.Deploy.0 = Debug|Any CPU
		{7E4CFD11-2FFB-4D84-BEF2-0EC933093FDA}.Debug|ARM.ActiveCfg = Debug|Any CPU
		{7E4CFD11-2FFB-4D84-BEF2-0EC933093FDA}.Debug|ARM.Build.0 = Debug|Any CPU
		{7E4CFD11-2FFB-4D84-BEF2-0EC933093FDA}.Debug|ARM.Deploy.0 = Debug|Any CPU
		{7E4CFD11-2FFB-4D84-BEF2-0EC933093FDA}.Debug|iPhone.ActiveCfg = Debug|Any CPU
		{7E4CFD11-2FFB-4D84-BEF2-0EC933093FDA}.Debug|iPhone.Build.0 = Debug|Any CPU
		{7E4CFD11-2FFB-4D84-BEF2-0EC933093FDA}.Debug|iPhone.Deploy.0 = Debug|Any CPU
		{7E4CFD11-2FFB-4D84-BEF2-0EC933093FDA}.Debug|iPhoneSimulator.ActiveCfg = Debug|Any CPU
		{7E4CFD11-2FFB-4D84-BEF2-0EC933093FDA}.Debug|iPhoneSimulator.Build.0 = Debug|Any CPU
		{7E4CFD11-2FFB-4D84-BEF2-0EC933093FDA}.Debug|iPhoneSimulator.Deploy.0 = Debug|Any CPU
		{7E4CFD11-2FFB-4D84-BEF2-0EC933093FDA}.Debug|x64.ActiveCfg = Debug|Any CPU
		{7E4CFD11-2FFB-4D84-BEF2-0EC933093FDA}.Debug|x64.Build.0 = Debug|Any CPU
		{7E4CFD11-2FFB-4D84-BEF2-0EC933093FDA}.Debug|x64.Deploy.0 = Debug|Any CPU
		{7E4CFD11-2FFB-4D84-BEF2-0EC933093FDA}.Debug|x86.ActiveCfg = Debug|Any CPU
		{7E4CFD11-2FFB-4D84-BEF2-0EC933093FDA}.Debug|x86.Build.0 = Debug|Any CPU
		{7E4CFD11-2FFB-4D84-BEF2-0EC933093FDA}.Debug|x86.Deploy.0 = Debug|Any CPU
		{7E4CFD11-2FFB-4D84-BEF2-0EC933093FDA}.Release|Any CPU.ActiveCfg = Release|Any CPU
		{7E4CFD11-2FFB-4D84-BEF2-0EC933093FDA}.Release|Any CPU.Build.0 = Release|Any CPU
		{7E4CFD11-2FFB-4D84-BEF2-0EC933093FDA}.Release|Any CPU.Deploy.0 = Release|Any CPU
		{7E4CFD11-2FFB-4D84-BEF2-0EC933093FDA}.Release|ARM.ActiveCfg = Release|Any CPU
		{7E4CFD11-2FFB-4D84-BEF2-0EC933093FDA}.Release|ARM.Build.0 = Release|Any CPU
		{7E4CFD11-2FFB-4D84-BEF2-0EC933093FDA}.Release|ARM.Deploy.0 = Release|Any CPU
		{7E4CFD11-2FFB-4D84-BEF2-0EC933093FDA}.Release|iPhone.ActiveCfg = Release|Any CPU
		{7E4CFD11-2FFB-4D84-BEF2-0EC933093FDA}.Release|iPhone.Build.0 = Release|Any CPU
		{7E4CFD11-2FFB-4D84-BEF2-0EC933093FDA}.Release|iPhone.Deploy.0 = Release|Any CPU
		{7E4CFD11-2FFB-4D84-BEF2-0EC933093FDA}.Release|iPhoneSimulator.ActiveCfg = Release|Any CPU
		{7E4CFD11-2FFB-4D84-BEF2-0EC933093FDA}.Release|iPhoneSimulator.Build.0 = Release|Any CPU
		{7E4CFD11-2FFB-4D84-BEF2-0EC933093FDA}.Release|iPhoneSimulator.Deploy.0 = Release|Any CPU
		{7E4CFD11-2FFB-4D84-BEF2-0EC933093FDA}.Release|x64.ActiveCfg = Release|Any CPU
		{7E4CFD11-2FFB-4D84-BEF2-0EC933093FDA}.Release|x64.Build.0 = Release|Any CPU
		{7E4CFD11-2FFB-4D84-BEF2-0EC933093FDA}.Release|x64.Deploy.0 = Release|Any CPU
		{7E4CFD11-2FFB-4D84-BEF2-0EC933093FDA}.Release|x86.ActiveCfg = Release|Any CPU
		{7E4CFD11-2FFB-4D84-BEF2-0EC933093FDA}.Release|x86.Build.0 = Release|Any CPU
		{7E4CFD11-2FFB-4D84-BEF2-0EC933093FDA}.Release|x86.Deploy.0 = Release|Any CPU
		{1FD12535-C112-45BE-BE4A-C4D5799C324C}.Ad-Hoc|Any CPU.ActiveCfg = Release|Any CPU
		{1FD12535-C112-45BE-BE4A-C4D5799C324C}.Ad-Hoc|Any CPU.Build.0 = Release|Any CPU
		{1FD12535-C112-45BE-BE4A-C4D5799C324C}.Ad-Hoc|ARM.ActiveCfg = Release|Any CPU
		{1FD12535-C112-45BE-BE4A-C4D5799C324C}.Ad-Hoc|ARM.Build.0 = Release|Any CPU
		{1FD12535-C112-45BE-BE4A-C4D5799C324C}.Ad-Hoc|iPhone.ActiveCfg = Release|Any CPU
		{1FD12535-C112-45BE-BE4A-C4D5799C324C}.Ad-Hoc|iPhone.Build.0 = Release|Any CPU
		{1FD12535-C112-45BE-BE4A-C4D5799C324C}.Ad-Hoc|iPhoneSimulator.ActiveCfg = Release|Any CPU
		{1FD12535-C112-45BE-BE4A-C4D5799C324C}.Ad-Hoc|iPhoneSimulator.Build.0 = Release|Any CPU
		{1FD12535-C112-45BE-BE4A-C4D5799C324C}.Ad-Hoc|x64.ActiveCfg = Release|Any CPU
		{1FD12535-C112-45BE-BE4A-C4D5799C324C}.Ad-Hoc|x64.Build.0 = Release|Any CPU
		{1FD12535-C112-45BE-BE4A-C4D5799C324C}.Ad-Hoc|x86.ActiveCfg = Release|Any CPU
		{1FD12535-C112-45BE-BE4A-C4D5799C324C}.Ad-Hoc|x86.Build.0 = Release|Any CPU
		{1FD12535-C112-45BE-BE4A-C4D5799C324C}.AppStore|Any CPU.ActiveCfg = Release|Any CPU
		{1FD12535-C112-45BE-BE4A-C4D5799C324C}.AppStore|Any CPU.Build.0 = Release|Any CPU
		{1FD12535-C112-45BE-BE4A-C4D5799C324C}.AppStore|ARM.ActiveCfg = Release|Any CPU
		{1FD12535-C112-45BE-BE4A-C4D5799C324C}.AppStore|ARM.Build.0 = Release|Any CPU
		{1FD12535-C112-45BE-BE4A-C4D5799C324C}.AppStore|iPhone.ActiveCfg = Release|Any CPU
		{1FD12535-C112-45BE-BE4A-C4D5799C324C}.AppStore|iPhone.Build.0 = Release|Any CPU
		{1FD12535-C112-45BE-BE4A-C4D5799C324C}.AppStore|iPhoneSimulator.ActiveCfg = Release|Any CPU
		{1FD12535-C112-45BE-BE4A-C4D5799C324C}.AppStore|iPhoneSimulator.Build.0 = Release|Any CPU
		{1FD12535-C112-45BE-BE4A-C4D5799C324C}.AppStore|x64.ActiveCfg = Release|Any CPU
		{1FD12535-C112-45BE-BE4A-C4D5799C324C}.AppStore|x64.Build.0 = Release|Any CPU
		{1FD12535-C112-45BE-BE4A-C4D5799C324C}.AppStore|x86.ActiveCfg = Release|Any CPU
		{1FD12535-C112-45BE-BE4A-C4D5799C324C}.AppStore|x86.Build.0 = Release|Any CPU
		{1FD12535-C112-45BE-BE4A-C4D5799C324C}.Debug|Any CPU.ActiveCfg = Debug|Any CPU
		{1FD12535-C112-45BE-BE4A-C4D5799C324C}.Debug|Any CPU.Build.0 = Debug|Any CPU
		{1FD12535-C112-45BE-BE4A-C4D5799C324C}.Debug|ARM.ActiveCfg = Debug|Any CPU
		{1FD12535-C112-45BE-BE4A-C4D5799C324C}.Debug|ARM.Build.0 = Debug|Any CPU
		{1FD12535-C112-45BE-BE4A-C4D5799C324C}.Debug|iPhone.ActiveCfg = Debug|Any CPU
		{1FD12535-C112-45BE-BE4A-C4D5799C324C}.Debug|iPhone.Build.0 = Debug|Any CPU
		{1FD12535-C112-45BE-BE4A-C4D5799C324C}.Debug|iPhoneSimulator.ActiveCfg = Debug|Any CPU
		{1FD12535-C112-45BE-BE4A-C4D5799C324C}.Debug|iPhoneSimulator.Build.0 = Debug|Any CPU
		{1FD12535-C112-45BE-BE4A-C4D5799C324C}.Debug|x64.ActiveCfg = Debug|Any CPU
		{1FD12535-C112-45BE-BE4A-C4D5799C324C}.Debug|x64.Build.0 = Debug|Any CPU
		{1FD12535-C112-45BE-BE4A-C4D5799C324C}.Debug|x86.ActiveCfg = Debug|Any CPU
		{1FD12535-C112-45BE-BE4A-C4D5799C324C}.Debug|x86.Build.0 = Debug|Any CPU
		{1FD12535-C112-45BE-BE4A-C4D5799C324C}.Release|Any CPU.ActiveCfg = Release|Any CPU
		{1FD12535-C112-45BE-BE4A-C4D5799C324C}.Release|Any CPU.Build.0 = Release|Any CPU
		{1FD12535-C112-45BE-BE4A-C4D5799C324C}.Release|ARM.ActiveCfg = Release|Any CPU
		{1FD12535-C112-45BE-BE4A-C4D5799C324C}.Release|ARM.Build.0 = Release|Any CPU
		{1FD12535-C112-45BE-BE4A-C4D5799C324C}.Release|iPhone.ActiveCfg = Release|Any CPU
		{1FD12535-C112-45BE-BE4A-C4D5799C324C}.Release|iPhone.Build.0 = Release|Any CPU
		{1FD12535-C112-45BE-BE4A-C4D5799C324C}.Release|iPhoneSimulator.ActiveCfg = Release|Any CPU
		{1FD12535-C112-45BE-BE4A-C4D5799C324C}.Release|iPhoneSimulator.Build.0 = Release|Any CPU
		{1FD12535-C112-45BE-BE4A-C4D5799C324C}.Release|x64.ActiveCfg = Release|Any CPU
		{1FD12535-C112-45BE-BE4A-C4D5799C324C}.Release|x64.Build.0 = Release|Any CPU
		{1FD12535-C112-45BE-BE4A-C4D5799C324C}.Release|x86.ActiveCfg = Release|Any CPU
		{1FD12535-C112-45BE-BE4A-C4D5799C324C}.Release|x86.Build.0 = Release|Any CPU
		{069E4E3B-EF0E-452A-9E32-4DABB0BB5F07}.Ad-Hoc|Any CPU.ActiveCfg = Release|x86
		{069E4E3B-EF0E-452A-9E32-4DABB0BB5F07}.Ad-Hoc|Any CPU.Build.0 = Release|x86
		{069E4E3B-EF0E-452A-9E32-4DABB0BB5F07}.Ad-Hoc|Any CPU.Deploy.0 = Release|x86
		{069E4E3B-EF0E-452A-9E32-4DABB0BB5F07}.Ad-Hoc|ARM.ActiveCfg = Release|ARM
		{069E4E3B-EF0E-452A-9E32-4DABB0BB5F07}.Ad-Hoc|ARM.Build.0 = Release|ARM
		{069E4E3B-EF0E-452A-9E32-4DABB0BB5F07}.Ad-Hoc|ARM.Deploy.0 = Release|ARM
		{069E4E3B-EF0E-452A-9E32-4DABB0BB5F07}.Ad-Hoc|iPhone.ActiveCfg = Release|x86
		{069E4E3B-EF0E-452A-9E32-4DABB0BB5F07}.Ad-Hoc|iPhone.Build.0 = Release|x86
		{069E4E3B-EF0E-452A-9E32-4DABB0BB5F07}.Ad-Hoc|iPhone.Deploy.0 = Release|x86
		{069E4E3B-EF0E-452A-9E32-4DABB0BB5F07}.Ad-Hoc|iPhoneSimulator.ActiveCfg = Release|x86
		{069E4E3B-EF0E-452A-9E32-4DABB0BB5F07}.Ad-Hoc|iPhoneSimulator.Build.0 = Release|x86
		{069E4E3B-EF0E-452A-9E32-4DABB0BB5F07}.Ad-Hoc|iPhoneSimulator.Deploy.0 = Release|x86
		{069E4E3B-EF0E-452A-9E32-4DABB0BB5F07}.Ad-Hoc|x64.ActiveCfg = Release|x64
		{069E4E3B-EF0E-452A-9E32-4DABB0BB5F07}.Ad-Hoc|x64.Build.0 = Release|x64
		{069E4E3B-EF0E-452A-9E32-4DABB0BB5F07}.Ad-Hoc|x64.Deploy.0 = Release|x64
		{069E4E3B-EF0E-452A-9E32-4DABB0BB5F07}.Ad-Hoc|x86.ActiveCfg = Release|x86
		{069E4E3B-EF0E-452A-9E32-4DABB0BB5F07}.Ad-Hoc|x86.Build.0 = Release|x86
		{069E4E3B-EF0E-452A-9E32-4DABB0BB5F07}.Ad-Hoc|x86.Deploy.0 = Release|x86
		{069E4E3B-EF0E-452A-9E32-4DABB0BB5F07}.AppStore|Any CPU.ActiveCfg = Release|x86
		{069E4E3B-EF0E-452A-9E32-4DABB0BB5F07}.AppStore|Any CPU.Build.0 = Release|x86
		{069E4E3B-EF0E-452A-9E32-4DABB0BB5F07}.AppStore|Any CPU.Deploy.0 = Release|x86
		{069E4E3B-EF0E-452A-9E32-4DABB0BB5F07}.AppStore|ARM.ActiveCfg = Release|ARM
		{069E4E3B-EF0E-452A-9E32-4DABB0BB5F07}.AppStore|ARM.Build.0 = Release|ARM
		{069E4E3B-EF0E-452A-9E32-4DABB0BB5F07}.AppStore|ARM.Deploy.0 = Release|ARM
		{069E4E3B-EF0E-452A-9E32-4DABB0BB5F07}.AppStore|iPhone.ActiveCfg = Release|x86
		{069E4E3B-EF0E-452A-9E32-4DABB0BB5F07}.AppStore|iPhone.Build.0 = Release|x86
		{069E4E3B-EF0E-452A-9E32-4DABB0BB5F07}.AppStore|iPhone.Deploy.0 = Release|x86
		{069E4E3B-EF0E-452A-9E32-4DABB0BB5F07}.AppStore|iPhoneSimulator.ActiveCfg = Release|x86
		{069E4E3B-EF0E-452A-9E32-4DABB0BB5F07}.AppStore|iPhoneSimulator.Build.0 = Release|x86
		{069E4E3B-EF0E-452A-9E32-4DABB0BB5F07}.AppStore|iPhoneSimulator.Deploy.0 = Release|x86
		{069E4E3B-EF0E-452A-9E32-4DABB0BB5F07}.AppStore|x64.ActiveCfg = Release|x64
		{069E4E3B-EF0E-452A-9E32-4DABB0BB5F07}.AppStore|x64.Build.0 = Release|x64
		{069E4E3B-EF0E-452A-9E32-4DABB0BB5F07}.AppStore|x64.Deploy.0 = Release|x64
		{069E4E3B-EF0E-452A-9E32-4DABB0BB5F07}.AppStore|x86.ActiveCfg = Release|x86
		{069E4E3B-EF0E-452A-9E32-4DABB0BB5F07}.AppStore|x86.Build.0 = Release|x86
		{069E4E3B-EF0E-452A-9E32-4DABB0BB5F07}.AppStore|x86.Deploy.0 = Release|x86
		{069E4E3B-EF0E-452A-9E32-4DABB0BB5F07}.Debug|Any CPU.ActiveCfg = Debug|x86
		{069E4E3B-EF0E-452A-9E32-4DABB0BB5F07}.Debug|ARM.ActiveCfg = Debug|ARM
		{069E4E3B-EF0E-452A-9E32-4DABB0BB5F07}.Debug|ARM.Build.0 = Debug|ARM
		{069E4E3B-EF0E-452A-9E32-4DABB0BB5F07}.Debug|ARM.Deploy.0 = Debug|ARM
		{069E4E3B-EF0E-452A-9E32-4DABB0BB5F07}.Debug|iPhone.ActiveCfg = Debug|x86
		{069E4E3B-EF0E-452A-9E32-4DABB0BB5F07}.Debug|iPhoneSimulator.ActiveCfg = Debug|x86
		{069E4E3B-EF0E-452A-9E32-4DABB0BB5F07}.Debug|x64.ActiveCfg = Debug|x64
		{069E4E3B-EF0E-452A-9E32-4DABB0BB5F07}.Debug|x64.Build.0 = Debug|x64
		{069E4E3B-EF0E-452A-9E32-4DABB0BB5F07}.Debug|x64.Deploy.0 = Debug|x64
		{069E4E3B-EF0E-452A-9E32-4DABB0BB5F07}.Debug|x86.ActiveCfg = Debug|x86
		{069E4E3B-EF0E-452A-9E32-4DABB0BB5F07}.Debug|x86.Build.0 = Debug|x86
		{069E4E3B-EF0E-452A-9E32-4DABB0BB5F07}.Debug|x86.Deploy.0 = Debug|x86
		{069E4E3B-EF0E-452A-9E32-4DABB0BB5F07}.Release|Any CPU.ActiveCfg = Release|x86
		{069E4E3B-EF0E-452A-9E32-4DABB0BB5F07}.Release|ARM.ActiveCfg = Release|ARM
		{069E4E3B-EF0E-452A-9E32-4DABB0BB5F07}.Release|ARM.Build.0 = Release|ARM
		{069E4E3B-EF0E-452A-9E32-4DABB0BB5F07}.Release|ARM.Deploy.0 = Release|ARM
		{069E4E3B-EF0E-452A-9E32-4DABB0BB5F07}.Release|iPhone.ActiveCfg = Release|x86
		{069E4E3B-EF0E-452A-9E32-4DABB0BB5F07}.Release|iPhoneSimulator.ActiveCfg = Release|x86
		{069E4E3B-EF0E-452A-9E32-4DABB0BB5F07}.Release|x64.ActiveCfg = Release|x64
		{069E4E3B-EF0E-452A-9E32-4DABB0BB5F07}.Release|x64.Build.0 = Release|x64
		{069E4E3B-EF0E-452A-9E32-4DABB0BB5F07}.Release|x64.Deploy.0 = Release|x64
		{069E4E3B-EF0E-452A-9E32-4DABB0BB5F07}.Release|x86.ActiveCfg = Release|x86
		{069E4E3B-EF0E-452A-9E32-4DABB0BB5F07}.Release|x86.Build.0 = Release|x86
		{069E4E3B-EF0E-452A-9E32-4DABB0BB5F07}.Release|x86.Deploy.0 = Release|x86
		{C04A9DC5-D58A-4B72-B0CB-46050292A81E}.Ad-Hoc|Any CPU.ActiveCfg = Ad-Hoc|iPhone
		{C04A9DC5-D58A-4B72-B0CB-46050292A81E}.Ad-Hoc|ARM.ActiveCfg = Ad-Hoc|iPhone
		{C04A9DC5-D58A-4B72-B0CB-46050292A81E}.Ad-Hoc|iPhone.ActiveCfg = Ad-Hoc|iPhone
		{C04A9DC5-D58A-4B72-B0CB-46050292A81E}.Ad-Hoc|iPhone.Build.0 = Ad-Hoc|iPhone
		{C04A9DC5-D58A-4B72-B0CB-46050292A81E}.Ad-Hoc|iPhoneSimulator.ActiveCfg = Ad-Hoc|iPhoneSimulator
		{C04A9DC5-D58A-4B72-B0CB-46050292A81E}.Ad-Hoc|iPhoneSimulator.Build.0 = Ad-Hoc|iPhoneSimulator
		{C04A9DC5-D58A-4B72-B0CB-46050292A81E}.Ad-Hoc|x64.ActiveCfg = Ad-Hoc|iPhone
		{C04A9DC5-D58A-4B72-B0CB-46050292A81E}.Ad-Hoc|x86.ActiveCfg = Ad-Hoc|iPhone
		{C04A9DC5-D58A-4B72-B0CB-46050292A81E}.AppStore|Any CPU.ActiveCfg = AppStore|iPhone
		{C04A9DC5-D58A-4B72-B0CB-46050292A81E}.AppStore|ARM.ActiveCfg = AppStore|iPhone
		{C04A9DC5-D58A-4B72-B0CB-46050292A81E}.AppStore|iPhone.ActiveCfg = AppStore|iPhone
		{C04A9DC5-D58A-4B72-B0CB-46050292A81E}.AppStore|iPhone.Build.0 = AppStore|iPhone
		{C04A9DC5-D58A-4B72-B0CB-46050292A81E}.AppStore|iPhoneSimulator.ActiveCfg = AppStore|iPhoneSimulator
		{C04A9DC5-D58A-4B72-B0CB-46050292A81E}.AppStore|iPhoneSimulator.Build.0 = AppStore|iPhoneSimulator
		{C04A9DC5-D58A-4B72-B0CB-46050292A81E}.AppStore|x64.ActiveCfg = AppStore|iPhone
		{C04A9DC5-D58A-4B72-B0CB-46050292A81E}.AppStore|x86.ActiveCfg = AppStore|iPhone
		{C04A9DC5-D58A-4B72-B0CB-46050292A81E}.Debug|Any CPU.ActiveCfg = Debug|iPhone
		{C04A9DC5-D58A-4B72-B0CB-46050292A81E}.Debug|ARM.ActiveCfg = Debug|iPhone
		{C04A9DC5-D58A-4B72-B0CB-46050292A81E}.Debug|iPhone.ActiveCfg = Debug|iPhone
		{C04A9DC5-D58A-4B72-B0CB-46050292A81E}.Debug|iPhone.Build.0 = Debug|iPhone
		{C04A9DC5-D58A-4B72-B0CB-46050292A81E}.Debug|iPhoneSimulator.ActiveCfg = Debug|iPhoneSimulator
		{C04A9DC5-D58A-4B72-B0CB-46050292A81E}.Debug|iPhoneSimulator.Build.0 = Debug|iPhoneSimulator
		{C04A9DC5-D58A-4B72-B0CB-46050292A81E}.Debug|x64.ActiveCfg = Debug|iPhone
		{C04A9DC5-D58A-4B72-B0CB-46050292A81E}.Debug|x86.ActiveCfg = Debug|iPhone
		{C04A9DC5-D58A-4B72-B0CB-46050292A81E}.Release|Any CPU.ActiveCfg = Release|iPhone
		{C04A9DC5-D58A-4B72-B0CB-46050292A81E}.Release|ARM.ActiveCfg = Release|iPhone
		{C04A9DC5-D58A-4B72-B0CB-46050292A81E}.Release|iPhone.ActiveCfg = Release|iPhone
		{C04A9DC5-D58A-4B72-B0CB-46050292A81E}.Release|iPhone.Build.0 = Release|iPhone
		{C04A9DC5-D58A-4B72-B0CB-46050292A81E}.Release|iPhoneSimulator.ActiveCfg = Release|iPhoneSimulator
		{C04A9DC5-D58A-4B72-B0CB-46050292A81E}.Release|iPhoneSimulator.Build.0 = Release|iPhoneSimulator
		{C04A9DC5-D58A-4B72-B0CB-46050292A81E}.Release|x64.ActiveCfg = Release|iPhone
		{C04A9DC5-D58A-4B72-B0CB-46050292A81E}.Release|x86.ActiveCfg = Release|iPhone
	EndGlobalSection
	GlobalSection(SolutionProperties) = preSolution
		HideSolutionNode = FALSE
	EndGlobalSection
	GlobalSection(ExtensibilityGlobals) = postSolution
		SolutionGuid = {1254ABA0-3DDA-4091-9E87-4CBB81C821ED}
	EndGlobalSection
EndGlobal
